// !$*UTF8*$!
{
	archiveVersion = 1;
	classes = {
	};
	objectVersion = 50;
	objects = {

/* Begin PBXBuildFile section */
		0861CE3224CAFFDB003ACA24 /* AppDelegate.swift in Sources */ = {isa = PBXBuildFile; fileRef = 0861CE3124CAFFDB003ACA24 /* AppDelegate.swift */; };
		0861CE3424CAFFDB003ACA24 /* SceneDelegate.swift in Sources */ = {isa = PBXBuildFile; fileRef = 0861CE3324CAFFDB003ACA24 /* SceneDelegate.swift */; };
		0861CE3624CAFFDB003ACA24 /* EmojiMemoryGameView.swift in Sources */ = {isa = PBXBuildFile; fileRef = 0861CE3524CAFFDB003ACA24 /* EmojiMemoryGameView.swift */; };
		0861CE3824CAFFDD003ACA24 /* Assets.xcassets in Resources */ = {isa = PBXBuildFile; fileRef = 0861CE3724CAFFDD003ACA24 /* Assets.xcassets */; };
		0861CE3B24CAFFDD003ACA24 /* Preview Assets.xcassets in Resources */ = {isa = PBXBuildFile; fileRef = 0861CE3A24CAFFDD003ACA24 /* Preview Assets.xcassets */; };
		0861CE3E24CAFFDD003ACA24 /* LaunchScreen.storyboard in Resources */ = {isa = PBXBuildFile; fileRef = 0861CE3C24CAFFDD003ACA24 /* LaunchScreen.storyboard */; };
		087C293D24D43AF3008A544D /* Pie.swift in Sources */ = {isa = PBXBuildFile; fileRef = 087C293C24D43AF3008A544D /* Pie.swift */; };
		087C293F24D443A3008A544D /* Cardify.swift in Sources */ = {isa = PBXBuildFile; fileRef = 087C293E24D443A3008A544D /* Cardify.swift */; };
		08A03B2E24EBE249006F6DDB /* MemoryGameStore.swift in Sources */ = {isa = PBXBuildFile; fileRef = 08A03B2D24EBE249006F6DDB /* MemoryGameStore.swift */; };
		08A03B3024EBE55C006F6DDB /* MemoryGameChooser.swift in Sources */ = {isa = PBXBuildFile; fileRef = 08A03B2F24EBE55C006F6DDB /* MemoryGameChooser.swift */; };
		08A03B3224EC134E006F6DDB /* MemoryGameChooserListItem.swift in Sources */ = {isa = PBXBuildFile; fileRef = 08A03B3124EC134E006F6DDB /* MemoryGameChooserListItem.swift */; };
		08A1669E24D00B6900520BB9 /* Grid.swift in Sources */ = {isa = PBXBuildFile; fileRef = 08A1669D24D00B6900520BB9 /* Grid.swift */; };
		08A166A024D0172600520BB9 /* GridLayout.swift in Sources */ = {isa = PBXBuildFile; fileRef = 08A1669F24D0172600520BB9 /* GridLayout.swift */; };
		08A166A224D0211100520BB9 /* Array+Identifiable.swift in Sources */ = {isa = PBXBuildFile; fileRef = 08A166A124D0211100520BB9 /* Array+Identifiable.swift */; };
		08A166A424D0489A00520BB9 /* Array+Only.swift in Sources */ = {isa = PBXBuildFile; fileRef = 08A166A324D0489A00520BB9 /* Array+Only.swift */; };
		08C67BEF24D4032F00DFECD5 /* EmojiMemoryGameTheme.swift in Sources */ = {isa = PBXBuildFile; fileRef = 08C67BEE24D4032F00DFECD5 /* EmojiMemoryGameTheme.swift */; };
		08C7216524CC349A00AD68BD /* MemoryGame.swift in Sources */ = {isa = PBXBuildFile; fileRef = 08C7216424CC349A00AD68BD /* MemoryGame.swift */; };
		08C7216724CC36EB00AD68BD /* EmojiMemoryGame.swift in Sources */ = {isa = PBXBuildFile; fileRef = 08C7216624CC36EB00AD68BD /* EmojiMemoryGame.swift */; };
/* End PBXBuildFile section */

/* Begin PBXFileReference section */
		0861CE2E24CAFFDB003ACA24 /* Memorize.app */ = {isa = PBXFileReference; explicitFileType = wrapper.application; includeInIndex = 0; path = Memorize.app; sourceTree = BUILT_PRODUCTS_DIR; };
		0861CE3124CAFFDB003ACA24 /* AppDelegate.swift */ = {isa = PBXFileReference; lastKnownFileType = sourcecode.swift; path = AppDelegate.swift; sourceTree = "<group>"; };
		0861CE3324CAFFDB003ACA24 /* SceneDelegate.swift */ = {isa = PBXFileReference; lastKnownFileType = sourcecode.swift; path = SceneDelegate.swift; sourceTree = "<group>"; };
		0861CE3524CAFFDB003ACA24 /* EmojiMemoryGameView.swift */ = {isa = PBXFileReference; lastKnownFileType = sourcecode.swift; path = EmojiMemoryGameView.swift; sourceTree = "<group>"; };
		0861CE3724CAFFDD003ACA24 /* Assets.xcassets */ = {isa = PBXFileReference; lastKnownFileType = folder.assetcatalog; path = Assets.xcassets; sourceTree = "<group>"; };
		0861CE3A24CAFFDD003ACA24 /* Preview Assets.xcassets */ = {isa = PBXFileReference; lastKnownFileType = folder.assetcatalog; path = "Preview Assets.xcassets"; sourceTree = "<group>"; };
		0861CE3D24CAFFDD003ACA24 /* Base */ = {isa = PBXFileReference; lastKnownFileType = file.storyboard; name = Base; path = Base.lproj/LaunchScreen.storyboard; sourceTree = "<group>"; };
		0861CE3F24CAFFDD003ACA24 /* Info.plist */ = {isa = PBXFileReference; lastKnownFileType = text.plist.xml; path = Info.plist; sourceTree = "<group>"; };
		087C293C24D43AF3008A544D /* Pie.swift */ = {isa = PBXFileReference; lastKnownFileType = sourcecode.swift; path = Pie.swift; sourceTree = "<group>"; };
		087C293E24D443A3008A544D /* Cardify.swift */ = {isa = PBXFileReference; lastKnownFileType = sourcecode.swift; path = Cardify.swift; sourceTree = "<group>"; };
		08A03B2D24EBE249006F6DDB /* MemoryGameStore.swift */ = {isa = PBXFileReference; lastKnownFileType = sourcecode.swift; path = MemoryGameStore.swift; sourceTree = "<group>"; };
		08A03B2F24EBE55C006F6DDB /* MemoryGameChooser.swift */ = {isa = PBXFileReference; lastKnownFileType = sourcecode.swift; path = MemoryGameChooser.swift; sourceTree = "<group>"; };
		08A03B3124EC134E006F6DDB /* MemoryGameChooserListItem.swift */ = {isa = PBXFileReference; lastKnownFileType = sourcecode.swift; path = MemoryGameChooserListItem.swift; sourceTree = "<group>"; };
		08A1669D24D00B6900520BB9 /* Grid.swift */ = {isa = PBXFileReference; lastKnownFileType = sourcecode.swift; path = Grid.swift; sourceTree = "<group>"; };
		08A1669F24D0172600520BB9 /* GridLayout.swift */ = {isa = PBXFileReference; fileEncoding = 4; lastKnownFileType = sourcecode.swift; path = GridLayout.swift; sourceTree = "<group>"; };
		08A166A124D0211100520BB9 /* Array+Identifiable.swift */ = {isa = PBXFileReference; lastKnownFileType = sourcecode.swift; path = "Array+Identifiable.swift"; sourceTree = "<group>"; };
		08A166A324D0489A00520BB9 /* Array+Only.swift */ = {isa = PBXFileReference; lastKnownFileType = sourcecode.swift; path = "Array+Only.swift"; sourceTree = "<group>"; };
		08C67BEE24D4032F00DFECD5 /* EmojiMemoryGameTheme.swift */ = {isa = PBXFileReference; lastKnownFileType = sourcecode.swift; path = EmojiMemoryGameTheme.swift; sourceTree = "<group>"; };
		08C7216424CC349A00AD68BD /* MemoryGame.swift */ = {isa = PBXFileReference; lastKnownFileType = sourcecode.swift; path = MemoryGame.swift; sourceTree = SOURCE_ROOT; };
		08C7216624CC36EB00AD68BD /* EmojiMemoryGame.swift */ = {isa = PBXFileReference; lastKnownFileType = sourcecode.swift; path = EmojiMemoryGame.swift; sourceTree = "<group>"; };
/* End PBXFileReference section */

/* Begin PBXFrameworksBuildPhase section */
		0861CE2B24CAFFDB003ACA24 /* Frameworks */ = {
			isa = PBXFrameworksBuildPhase;
			buildActionMask = 2147483647;
			files = (
			);
			runOnlyForDeploymentPostprocessing = 0;
		};
/* End PBXFrameworksBuildPhase section */

/* Begin PBXGroup section */
		0861CE2524CAFFDB003ACA24 = {
			isa = PBXGroup;
			children = (
				0861CE3024CAFFDB003ACA24 /* Memorize */,
				0861CE2F24CAFFDB003ACA24 /* Products */,
			);
			sourceTree = "<group>";
		};
		0861CE2F24CAFFDB003ACA24 /* Products */ = {
			isa = PBXGroup;
			children = (
				0861CE2E24CAFFDB003ACA24 /* Memorize.app */,
			);
			name = Products;
			sourceTree = "<group>";
		};
		0861CE3024CAFFDB003ACA24 /* Memorize */ = {
			isa = PBXGroup;
			children = (
				0861CE3124CAFFDB003ACA24 /* AppDelegate.swift */,
				0861CE3324CAFFDB003ACA24 /* SceneDelegate.swift */,
				0861CE3524CAFFDB003ACA24 /* EmojiMemoryGameView.swift */,
				087C293E24D443A3008A544D /* Cardify.swift */,
				087C293C24D43AF3008A544D /* Pie.swift */,
				08A1669D24D00B6900520BB9 /* Grid.swift */,
				08A166A124D0211100520BB9 /* Array+Identifiable.swift */,
				08A1669F24D0172600520BB9 /* GridLayout.swift */,
				08C7216424CC349A00AD68BD /* MemoryGame.swift */,
				08C67BEE24D4032F00DFECD5 /* EmojiMemoryGameTheme.swift */,
				08C7216624CC36EB00AD68BD /* EmojiMemoryGame.swift */,
				08A03B2D24EBE249006F6DDB /* MemoryGameStore.swift */,
				08A03B2F24EBE55C006F6DDB /* MemoryGameChooser.swift */,
				08A03B3124EC134E006F6DDB /* MemoryGameChooserListItem.swift */,
				08A166A324D0489A00520BB9 /* Array+Only.swift */,
				0861CE3724CAFFDD003ACA24 /* Assets.xcassets */,
				0861CE3C24CAFFDD003ACA24 /* LaunchScreen.storyboard */,
				0861CE3F24CAFFDD003ACA24 /* Info.plist */,
				0861CE3924CAFFDD003ACA24 /* Preview Content */,
			);
			path = Memorize;
			sourceTree = "<group>";
		};
		0861CE3924CAFFDD003ACA24 /* Preview Content */ = {
			isa = PBXGroup;
			children = (
				0861CE3A24CAFFDD003ACA24 /* Preview Assets.xcassets */,
			);
			path = "Preview Content";
			sourceTree = "<group>";
		};
/* End PBXGroup section */

/* Begin PBXNativeTarget section */
		0861CE2D24CAFFDB003ACA24 /* Memorize */ = {
			isa = PBXNativeTarget;
			buildConfigurationList = 0861CE4224CAFFDD003ACA24 /* Build configuration list for PBXNativeTarget "Memorize" */;
			buildPhases = (
				0861CE2A24CAFFDB003ACA24 /* Sources */,
				0861CE2B24CAFFDB003ACA24 /* Frameworks */,
				0861CE2C24CAFFDB003ACA24 /* Resources */,
			);
			buildRules = (
			);
			dependencies = (
			);
			name = Memorize;
			productName = Memorize;
			productReference = 0861CE2E24CAFFDB003ACA24 /* Memorize.app */;
			productType = "com.apple.product-type.application";
		};
/* End PBXNativeTarget section */

/* Begin PBXProject section */
		0861CE2624CAFFDB003ACA24 /* Project object */ = {
			isa = PBXProject;
			attributes = {
				LastSwiftUpdateCheck = 1150;
				LastUpgradeCheck = 1150;
				ORGANIZATIONNAME = "Danylo Savchak";
				TargetAttributes = {
					0861CE2D24CAFFDB003ACA24 = {
						CreatedOnToolsVersion = 11.5;
					};
				};
			};
			buildConfigurationList = 0861CE2924CAFFDB003ACA24 /* Build configuration list for PBXProject "Memorize" */;
			compatibilityVersion = "Xcode 9.3";
			developmentRegion = en;
			hasScannedForEncodings = 0;
			knownRegions = (
				en,
				Base,
			);
			mainGroup = 0861CE2524CAFFDB003ACA24;
			productRefGroup = 0861CE2F24CAFFDB003ACA24 /* Products */;
			projectDirPath = "";
			projectRoot = "";
			targets = (
				0861CE2D24CAFFDB003ACA24 /* Memorize */,
			);
		};
/* End PBXProject section */

/* Begin PBXResourcesBuildPhase section */
		0861CE2C24CAFFDB003ACA24 /* Resources */ = {
			isa = PBXResourcesBuildPhase;
			buildActionMask = 2147483647;
			files = (
				0861CE3E24CAFFDD003ACA24 /* LaunchScreen.storyboard in Resources */,
				0861CE3B24CAFFDD003ACA24 /* Preview Assets.xcassets in Resources */,
				0861CE3824CAFFDD003ACA24 /* Assets.xcassets in Resources */,
			);
			runOnlyForDeploymentPostprocessing = 0;
		};
/* End PBXResourcesBuildPhase section */

/* Begin PBXSourcesBuildPhase section */
		0861CE2A24CAFFDB003ACA24 /* Sources */ = {
			isa = PBXSourcesBuildPhase;
			buildActionMask = 2147483647;
			files = (
				08A03B3224EC134E006F6DDB /* MemoryGameChooserListItem.swift in Sources */,
				08A03B2E24EBE249006F6DDB /* MemoryGameStore.swift in Sources */,
				0861CE3224CAFFDB003ACA24 /* AppDelegate.swift in Sources */,
				0861CE3424CAFFDB003ACA24 /* SceneDelegate.swift in Sources */,
				08C7216524CC349A00AD68BD /* MemoryGame.swift in Sources */,
				08C67BEF24D4032F00DFECD5 /* EmojiMemoryGameTheme.swift in Sources */,
				08A166A424D0489A00520BB9 /* Array+Only.swift in Sources */,
				0861CE3624CAFFDB003ACA24 /* EmojiMemoryGameView.swift in Sources */,
				087C293F24D443A3008A544D /* Cardify.swift in Sources */,
				08A03B3024EBE55C006F6DDB /* MemoryGameChooser.swift in Sources */,
				08C7216724CC36EB00AD68BD /* EmojiMemoryGame.swift in Sources */,
				08A166A224D0211100520BB9 /* Array+Identifiable.swift in Sources */,
				087C293D24D43AF3008A544D /* Pie.swift in Sources */,
				08A166A024D0172600520BB9 /* GridLayout.swift in Sources */,
				08A1669E24D00B6900520BB9 /* Grid.swift in Sources */,
			);
			runOnlyForDeploymentPostprocessing = 0;
		};
/* End PBXSourcesBuildPhase section */

/* Begin PBXVariantGroup section */
		0861CE3C24CAFFDD003ACA24 /* LaunchScreen.storyboard */ = {
			isa = PBXVariantGroup;
			children = (
				0861CE3D24CAFFDD003ACA24 /* Base */,
			);
			name = LaunchScreen.storyboard;
			sourceTree = "<group>";
		};
/* End PBXVariantGroup section */

/* Begin XCBuildConfiguration section */
		0861CE4024CAFFDD003ACA24 /* Debug */ = {
			isa = XCBuildConfiguration;
			buildSettings = {
				ALWAYS_SEARCH_USER_PATHS = NO;
				CLANG_ANALYZER_NONNULL = YES;
				CLANG_ANALYZER_NUMBER_OBJECT_CONVERSION = YES_AGGRESSIVE;
				CLANG_CXX_LANGUAGE_STANDARD = "gnu++14";
				CLANG_CXX_LIBRARY = "libc++";
				CLANG_ENABLE_MODULES = YES;
				CLANG_ENABLE_OBJC_ARC = YES;
				CLANG_ENABLE_OBJC_WEAK = YES;
				CLANG_WARN_BLOCK_CAPTURE_AUTORELEASING = YES;
				CLANG_WARN_BOOL_CONVERSION = YES;
				CLANG_WARN_COMMA = YES;
				CLANG_WARN_CONSTANT_CONVERSION = YES;
				CLANG_WARN_DEPRECATED_OBJC_IMPLEMENTATIONS = YES;
				CLANG_WARN_DIRECT_OBJC_ISA_USAGE = YES_ERROR;
				CLANG_WARN_DOCUMENTATION_COMMENTS = YES;
				CLANG_WARN_EMPTY_BODY = YES;
				CLANG_WARN_ENUM_CONVERSION = YES;
				CLANG_WARN_INFINITE_RECURSION = YES;
				CLANG_WARN_INT_CONVERSION = YES;
				CLANG_WARN_NON_LITERAL_NULL_CONVERSION = YES;
				CLANG_WARN_OBJC_IMPLICIT_RETAIN_SELF = YES;
				CLANG_WARN_OBJC_LITERAL_CONVERSION = YES;
				CLANG_WARN_OBJC_ROOT_CLASS = YES_ERROR;
				CLANG_WARN_RANGE_LOOP_ANALYSIS = YES;
				CLANG_WARN_STRICT_PROTOTYPES = YES;
				CLANG_WARN_SUSPICIOUS_MOVE = YES;
				CLANG_WARN_UNGUARDED_AVAILABILITY = YES_AGGRESSIVE;
				CLANG_WARN_UNREACHABLE_CODE = YES;
				CLANG_WARN__DUPLICATE_METHOD_MATCH = YES;
				COPY_PHASE_STRIP = NO;
				DEBUG_INFORMATION_FORMAT = dwarf;
				ENABLE_STRICT_OBJC_MSGSEND = YES;
				ENABLE_TESTABILITY = YES;
				GCC_C_LANGUAGE_STANDARD = gnu11;
				GCC_DYNAMIC_NO_PIC = NO;
				GCC_NO_COMMON_BLOCKS = YES;
				GCC_OPTIMIZATION_LEVEL = 0;
				GCC_PREPROCESSOR_DEFINITIONS = (
					"DEBUG=1",
					"$(inherited)",
				);
				GCC_WARN_64_TO_32_BIT_CONVERSION = YES;
				GCC_WARN_ABOUT_RETURN_TYPE = YES_ERROR;
				GCC_WARN_UNDECLARED_SELECTOR = YES;
				GCC_WARN_UNINITIALIZED_AUTOS = YES_AGGRESSIVE;
				GCC_WARN_UNUSED_FUNCTION = YES;
				GCC_WARN_UNUSED_VARIABLE = YES;
				IPHONEOS_DEPLOYMENT_TARGET = 13.5;
				MTL_ENABLE_DEBUG_INFO = INCLUDE_SOURCE;
				MTL_FAST_MATH = YES;
				ONLY_ACTIVE_ARCH = YES;
				SDKROOT = iphoneos;
				SWIFT_ACTIVE_COMPILATION_CONDITIONS = DEBUG;
				SWIFT_OPTIMIZATION_LEVEL = "-Onone";
			};
			name = Debug;
		};
		0861CE4124CAFFDD003ACA24 /* Release */ = {
			isa = XCBuildConfiguration;
			buildSettings = {
				ALWAYS_SEARCH_USER_PATHS = NO;
				CLANG_ANALYZER_NONNULL = YES;
				CLANG_ANALYZER_NUMBER_OBJECT_CONVERSION = YES_AGGRESSIVE;
				CLANG_CXX_LANGUAGE_STANDARD = "gnu++14";
				CLANG_CXX_LIBRARY = "libc++";
				CLANG_ENABLE_MODULES = YES;
				CLANG_ENABLE_OBJC_ARC = YES;
				CLANG_ENABLE_OBJC_WEAK = YES;
				CLANG_WARN_BLOCK_CAPTURE_AUTORELEASING = YES;
				CLANG_WARN_BOOL_CONVERSION = YES;
				CLANG_WARN_COMMA = YES;
				CLANG_WARN_CONSTANT_CONVERSION = YES;
				CLANG_WARN_DEPRECATED_OBJC_IMPLEMENTATIONS = YES;
				CLANG_WARN_DIRECT_OBJC_ISA_USAGE = YES_ERROR;
				CLANG_WARN_DOCUMENTATION_COMMENTS = YES;
				CLANG_WARN_EMPTY_BODY = YES;
				CLANG_WARN_ENUM_CONVERSION = YES;
				CLANG_WARN_INFINITE_RECURSION = YES;
				CLANG_WARN_INT_CONVERSION = YES;
				CLANG_WARN_NON_LITERAL_NULL_CONVERSION = YES;
				CLANG_WARN_OBJC_IMPLICIT_RETAIN_SELF = YES;
				CLANG_WARN_OBJC_LITERAL_CONVERSION = YES;
				CLANG_WARN_OBJC_ROOT_CLASS = YES_ERROR;
				CLANG_WARN_RANGE_LOOP_ANALYSIS = YES;
				CLANG_WARN_STRICT_PROTOTYPES = YES;
				CLANG_WARN_SUSPICIOUS_MOVE = YES;
				CLANG_WARN_UNGUARDED_AVAILABILITY = YES_AGGRESSIVE;
				CLANG_WARN_UNREACHABLE_CODE = YES;
				CLANG_WARN__DUPLICATE_METHOD_MATCH = YES;
				COPY_PHASE_STRIP = NO;
				DEBUG_INFORMATION_FORMAT = "dwarf-with-dsym";
				ENABLE_NS_ASSERTIONS = NO;
				ENABLE_STRICT_OBJC_MSGSEND = YES;
				GCC_C_LANGUAGE_STANDARD = gnu11;
				GCC_NO_COMMON_BLOCKS = YES;
				GCC_WARN_64_TO_32_BIT_CONVERSION = YES;
				GCC_WARN_ABOUT_RETURN_TYPE = YES_ERROR;
				GCC_WARN_UNDECLARED_SELECTOR = YES;
				GCC_WARN_UNINITIALIZED_AUTOS = YES_AGGRESSIVE;
				GCC_WARN_UNUSED_FUNCTION = YES;
				GCC_WARN_UNUSED_VARIABLE = YES;
				IPHONEOS_DEPLOYMENT_TARGET = 13.5;
				MTL_ENABLE_DEBUG_INFO = NO;
				MTL_FAST_MATH = YES;
				SDKROOT = iphoneos;
				SWIFT_COMPILATION_MODE = wholemodule;
				SWIFT_OPTIMIZATION_LEVEL = "-O";
				VALIDATE_PRODUCT = YES;
			};
			name = Release;
		};
		0861CE4324CAFFDD003ACA24 /* Debug */ = {
			isa = XCBuildConfiguration;
			buildSettings = {
				ASSETCATALOG_COMPILER_APPICON_NAME = AppIcon;
				CODE_SIGN_STYLE = Automatic;
				DEVELOPMENT_ASSET_PATHS = "\"Memorize/Preview Content\"";
				DEVELOPMENT_TEAM = NS6SQU5V7D;
				ENABLE_PREVIEWS = YES;
				INFOPLIST_FILE = Memorize/Info.plist;
				LD_RUNPATH_SEARCH_PATHS = (
					"$(inherited)",
					"@executable_path/Frameworks",
				);
				PRODUCT_BUNDLE_IDENTIFIER = savchak.danylo.Memorize;
				PRODUCT_NAME = "$(TARGET_NAME)";
				SWIFT_VERSION = 5.0;
				TARGETED_DEVICE_FAMILY = "1,2";
			};
			name = Debug;
		};
		0861CE4424CAFFDD003ACA24 /* Release */ = {
			isa = XCBuildConfiguration;
			buildSettings = {
				ASSETCATALOG_COMPILER_APPICON_NAME = AppIcon;
				CODE_SIGN_STYLE = Automatic;
				DEVELOPMENT_ASSET_PATHS = "\"Memorize/Preview Content\"";
				DEVELOPMENT_TEAM = NS6SQU5V7D;
				ENABLE_PREVIEWS = YES;
				INFOPLIST_FILE = Memorize/Info.plist;
				LD_RUNPATH_SEARCH_PATHS = (
					"$(inherited)",
					"@executable_path/Frameworks",
				);
				PRODUCT_BUNDLE_IDENTIFIER = savchak.danylo.Memorize;
				PRODUCT_NAME = "$(TARGET_NAME)";
				SWIFT_VERSION = 5.0;
				TARGETED_DEVICE_FAMILY = "1,2";
			};
			name = Release;
		};
/* End XCBuildConfiguration section */

/* Begin XCConfigurationList section */
		0861CE2924CAFFDB003ACA24 /* Build configuration list for PBXProject "Memorize" */ = {
			isa = XCConfigurationList;
			buildConfigurations = (
				0861CE4024CAFFDD003ACA24 /* Debug */,
				0861CE4124CAFFDD003ACA24 /* Release */,
			);
			defaultConfigurationIsVisible = 0;
			defaultConfigurationName = Release;
		};
		0861CE4224CAFFDD003ACA24 /* Build configuration list for PBXNativeTarget "Memorize" */ = {
			isa = XCConfigurationList;
			buildConfigurations = (
				0861CE4324CAFFDD003ACA24 /* Debug */,
				0861CE4424CAFFDD003ACA24 /* Release */,
			);
			defaultConfigurationIsVisible = 0;
			defaultConfigurationName = Release;
		};
/* End XCConfigurationList section */
	};
	rootObject = 0861CE2624CAFFDB003ACA24 /* Project object */;
}
